
Microsoft Visual Studio Solution File, Format Version 12.00
# Visual Studio Version 16
VisualStudioVersion = 16.0.29905.134
MinimumVisualStudioVersion = 10.0.40219.1
Project("{FAE04EC0-301F-11D3-BF4B-00C04F79EFBC}") = "Academia", "Academia\Academia.csproj", "{ECD2DF62-0442-49AA-A3D0-AD45F7246D40}"
EndProject
Global
	GlobalSection(SolutionConfigurationPlatforms) = preSolution
		Debug|Any CPU = Debug|Any CPU
		Release|Any CPU = Release|Any CPU
	EndGlobalSection
	GlobalSection(ProjectConfigurationPlatforms) = postSolution
		{ECD2DF62-0442-49AA-A3D0-AD45F7246D40}.Debug|Any CPU.ActiveCfg = Debug|Any CPU
		{ECD2DF62-0442-49AA-A3D0-AD45F7246D40}.Debug|Any CPU.Build.0 = Debug|Any CPU
		{ECD2DF62-0442-49AA-A3D0-AD45F7246D40}.Release|Any CPU.ActiveCfg = Release|Any CPU
		{ECD2DF62-0442-49AA-A3D0-AD45F7246D40}.Release|Any CPU.Build.0 = Release|Any CPU
	EndGlobalSection
	GlobalSection(SolutionProperties) = preSolution
		HideSolutionNode = FALSE
	EndGlobalSection
	GlobalSection(ExtensibilityGlobals) = postSolution
		SolutionGuid = {786EADD2-CD7F-4147-8B37-E7B01F7DF5B2}
	EndGlobalSection
EndGlobal
