
Microsoft Visual Studio Solution File, Format Version 12.00
# Visual Studio Version 16
VisualStudioVersion = 16.0.29905.134
MinimumVisualStudioVersion = 10.0.40219.1
Project("{FAE04EC0-301F-11D3-BF4B-00C04F79EFBC}") = "CFB Cursos", "CFB Cursos\CFB Cursos.csproj", "{CEFD2B47-884D-49D2-B82E-E1EBFE6FF59F}"
EndProject
Global
	GlobalSection(SolutionConfigurationPlatforms) = preSolution
		Debug|Any CPU = Debug|Any CPU
		Release|Any CPU = Release|Any CPU
	EndGlobalSection
	GlobalSection(ProjectConfigurationPlatforms) = postSolution
		{CEFD2B47-884D-49D2-B82E-E1EBFE6FF59F}.Debug|Any CPU.ActiveCfg = Debug|Any CPU
		{CEFD2B47-884D-49D2-B82E-E1EBFE6FF59F}.Debug|Any CPU.Build.0 = Debug|Any CPU
		{CEFD2B47-884D-49D2-B82E-E1EBFE6FF59F}.Release|Any CPU.ActiveCfg = Release|Any CPU
		{CEFD2B47-884D-49D2-B82E-E1EBFE6FF59F}.Release|Any CPU.Build.0 = Release|Any CPU
	EndGlobalSection
	GlobalSection(SolutionProperties) = preSolution
		HideSolutionNode = FALSE
	EndGlobalSection
	GlobalSection(ExtensibilityGlobals) = postSolution
		SolutionGuid = {F0987FD6-1E6E-46A2-AF0F-35958967C4B1}
	EndGlobalSection
EndGlobal
