
Microsoft Visual Studio Solution File, Format Version 12.00
# Visual Studio Version 16
VisualStudioVersion = 16.0.29905.134
MinimumVisualStudioVersion = 10.0.40219.1
Project("{FAE04EC0-301F-11D3-BF4B-00C04F79EFBC}") = "Variavel", "Variavel\Variavel.csproj", "{5288E6C3-9907-49D5-ACFD-0E587A5DA885}"
EndProject
Global
	GlobalSection(SolutionConfigurationPlatforms) = preSolution
		Debug|Any CPU = Debug|Any CPU
		Release|Any CPU = Release|Any CPU
	EndGlobalSection
	GlobalSection(ProjectConfigurationPlatforms) = postSolution
		{5288E6C3-9907-49D5-ACFD-0E587A5DA885}.Debug|Any CPU.ActiveCfg = Debug|Any CPU
		{5288E6C3-9907-49D5-ACFD-0E587A5DA885}.Debug|Any CPU.Build.0 = Debug|Any CPU
		{5288E6C3-9907-49D5-ACFD-0E587A5DA885}.Release|Any CPU.ActiveCfg = Release|Any CPU
		{5288E6C3-9907-49D5-ACFD-0E587A5DA885}.Release|Any CPU.Build.0 = Release|Any CPU
	EndGlobalSection
	GlobalSection(SolutionProperties) = preSolution
		HideSolutionNode = FALSE
	EndGlobalSection
	GlobalSection(ExtensibilityGlobals) = postSolution
		SolutionGuid = {A26DFA98-70CF-4A11-BE71-72E7CB27FE4F}
	EndGlobalSection
EndGlobal
