
Microsoft Visual Studio Solution File, Format Version 12.00
# Visual Studio Version 16
VisualStudioVersion = 16.0.29905.134
MinimumVisualStudioVersion = 10.0.40219.1
Project("{FAE04EC0-301F-11D3-BF4B-00C04F79EFBC}") = "CondiçãoIF", "CondiçãoIF\CondiçãoIF.csproj", "{C65F296F-BC26-42CD-BBEE-B377D6357EB3}"
EndProject
Global
	GlobalSection(SolutionConfigurationPlatforms) = preSolution
		Debug|Any CPU = Debug|Any CPU
		Release|Any CPU = Release|Any CPU
	EndGlobalSection
	GlobalSection(ProjectConfigurationPlatforms) = postSolution
		{C65F296F-BC26-42CD-BBEE-B377D6357EB3}.Debug|Any CPU.ActiveCfg = Debug|Any CPU
		{C65F296F-BC26-42CD-BBEE-B377D6357EB3}.Debug|Any CPU.Build.0 = Debug|Any CPU
		{C65F296F-BC26-42CD-BBEE-B377D6357EB3}.Release|Any CPU.ActiveCfg = Release|Any CPU
		{C65F296F-BC26-42CD-BBEE-B377D6357EB3}.Release|Any CPU.Build.0 = Release|Any CPU
	EndGlobalSection
	GlobalSection(SolutionProperties) = preSolution
		HideSolutionNode = FALSE
	EndGlobalSection
	GlobalSection(ExtensibilityGlobals) = postSolution
		SolutionGuid = {322397C0-7DD3-49B2-81EF-BC5249963579}
	EndGlobalSection
EndGlobal
