
Microsoft Visual Studio Solution File, Format Version 12.00
# Visual Studio Version 16
VisualStudioVersion = 16.0.29905.134
MinimumVisualStudioVersion = 10.0.40219.1
Project("{FAE04EC0-301F-11D3-BF4B-00C04F79EFBC}") = "Splash Screen", "Splash Screen\Splash Screen.csproj", "{3C0A789E-0885-4D57-80CE-0157FED6BAED}"
EndProject
Global
	GlobalSection(SolutionConfigurationPlatforms) = preSolution
		Debug|Any CPU = Debug|Any CPU
		Release|Any CPU = Release|Any CPU
	EndGlobalSection
	GlobalSection(ProjectConfigurationPlatforms) = postSolution
		{3C0A789E-0885-4D57-80CE-0157FED6BAED}.Debug|Any CPU.ActiveCfg = Debug|Any CPU
		{3C0A789E-0885-4D57-80CE-0157FED6BAED}.Debug|Any CPU.Build.0 = Debug|Any CPU
		{3C0A789E-0885-4D57-80CE-0157FED6BAED}.Release|Any CPU.ActiveCfg = Release|Any CPU
		{3C0A789E-0885-4D57-80CE-0157FED6BAED}.Release|Any CPU.Build.0 = Release|Any CPU
	EndGlobalSection
	GlobalSection(SolutionProperties) = preSolution
		HideSolutionNode = FALSE
	EndGlobalSection
	GlobalSection(ExtensibilityGlobals) = postSolution
		SolutionGuid = {365BECED-5620-4D0B-BC7D-C366E15D59F8}
	EndGlobalSection
EndGlobal
