
Microsoft Visual Studio Solution File, Format Version 12.00
# Visual Studio Version 16
VisualStudioVersion = 16.0.29905.134
MinimumVisualStudioVersion = 10.0.40219.1
Project("{FAE04EC0-301F-11D3-BF4B-00C04F79EFBC}") = "Conceito While", "Conceito While\Conceito While.csproj", "{5EDC6108-1F16-4BF5-BF23-96764B9634D5}"
EndProject
Global
	GlobalSection(SolutionConfigurationPlatforms) = preSolution
		Debug|Any CPU = Debug|Any CPU
		Release|Any CPU = Release|Any CPU
	EndGlobalSection
	GlobalSection(ProjectConfigurationPlatforms) = postSolution
		{5EDC6108-1F16-4BF5-BF23-96764B9634D5}.Debug|Any CPU.ActiveCfg = Debug|Any CPU
		{5EDC6108-1F16-4BF5-BF23-96764B9634D5}.Debug|Any CPU.Build.0 = Debug|Any CPU
		{5EDC6108-1F16-4BF5-BF23-96764B9634D5}.Release|Any CPU.ActiveCfg = Release|Any CPU
		{5EDC6108-1F16-4BF5-BF23-96764B9634D5}.Release|Any CPU.Build.0 = Release|Any CPU
	EndGlobalSection
	GlobalSection(SolutionProperties) = preSolution
		HideSolutionNode = FALSE
	EndGlobalSection
	GlobalSection(ExtensibilityGlobals) = postSolution
		SolutionGuid = {168C77C2-B4DF-4296-BBDD-186B4DC843D0}
	EndGlobalSection
EndGlobal
